// !$*UTF8*$!
{
	archiveVersion = 1;
	classes = {
	};
	objectVersion = 77;
	objects = {

/* Begin PBXContainerItemProxy section */
		000AF08D2F4DF12C00857BC9 /* PBXContainerItemProxy */ = {
			isa = PBXContainerItemProxy;
			containerPortal = 000AF0772F4DF12B00857BC9 /* Project object */;
			proxyType = 1;
			remoteGlobalIDString = 000AF07E2F4DF12B00857BC9;
			remoteInfo = InterviewChallengeOne;
		};
		000AF0972F4DF12C00857BC9 /* PBXContainerItemProxy */ = {
			isa = PBXContainerItemProxy;
			containerPortal = 000AF0772F4DF12B00857BC9 /* Project object */;
			proxyType = 1;
			remoteGlobalIDString = 000AF07E2F4DF12B00857BC9;
			remoteInfo = InterviewChallengeOne;
		};
/* End PBXContainerItemProxy section */

/* Begin PBXFileReference section */
		000AF07F2F4DF12B00857BC9 /* InterviewChallengeOne.app */ = {isa = PBXFileReference; explicitFileType = wrapper.application; includeInIndex = 0; path = InterviewChallengeOne.app; sourceTree = BUILT_PRODUCTS_DIR; };
		000AF08C2F4DF12C00857BC9 /* InterviewChallengeOneTests.xctest */ = {isa = PBXFileReference; explicitFileType = wrapper.cfbundle; includeInIndex = 0; path = InterviewChallengeOneTests.xctest; sourceTree = BUILT_PRODUCTS_DIR; };
		000AF0962F4DF12C00857BC9 /* InterviewChallengeOneUITests.xctest */ = {isa = PBXFileReference; explicitFileType = wrapper.cfbundle; includeInIndex = 0; path = InterviewChallengeOneUITests.xctest; sourceTree = BUILT_PRODUCTS_DIR; };
/* End PBXFileReference section */

/* Begin PBXFileSystemSynchronizedRootGroup section */
		000AF0812F4DF12B00857BC9 /* InterviewChallengeOne */ = {
			isa = PBXFileSystemSynchronizedRootGroup;
			path = InterviewChallengeOne;
			sourceTree = "<group>";
		};
		000AF08F2F4DF12C00857BC9 /* InterviewChallengeOneTests */ = {
			isa = PBXFileSystemSynchronizedRootGroup;
			path = InterviewChallengeOneTests;
			sourceTree = "<group>";
		};
		000AF0992F4DF12C00857BC9 /* InterviewChallengeOneUITests */ = {
			isa = PBXFileSystemSynchronizedRootGroup;
			path = InterviewChallengeOneUITests;
			sourceTree = "<group>";
		};
/* End PBXFileSystemSynchronizedRootGroup section */

/* Begin PBXFrameworksBuildPhase section */
		000AF07C2F4DF12B00857BC9 /* Frameworks */ = {
			isa = PBXFrameworksBuildPhase;
			buildActionMask = 2147483647;
			files = (
			);
			runOnlyForDeploymentPostprocessing = 0;
		};
		000AF0892F4DF12C00857BC9 /* Frameworks */ = {
			isa = PBXFrameworksBuildPhase;
			buildActionMask = 2147483647;
			files = (
			);
			runOnlyForDeploymentPostprocessing = 0;
		};
		000AF0932F4DF12C00857BC9 /* Frameworks */ = {
			isa = PBXFrameworksBuildPhase;
			buildActionMask = 2147483647;
			files = (
			);
			runOnlyForDeploymentPostprocessing = 0;
		};
/* End PBXFrameworksBuildPhase section */

/* Begin PBXGroup section */
		000AF0762F4DF12B00857BC9 = {
			isa = PBXGroup;
			children = (
				000AF0812F4DF12B00857BC9 /* InterviewChallengeOne */,
				000AF08F2F4DF12C00857BC9 /* InterviewChallengeOneTests */,
				000AF0992F4DF12C00857BC9 /* InterviewChallengeOneUITests */,
				000AF0802F4DF12B00857BC9 /* Products */,
			);
			sourceTree = "<group>";
		};
		000AF0802F4DF12B00857BC9 /* Products */ = {
			isa = PBXGroup;
			children = (
				000AF07F2F4DF12B00857BC9 /* InterviewChallengeOne.app */,
				000AF08C2F4DF12C00857BC9 /* InterviewChallengeOneTests.xctest */,
				000AF0962F4DF12C00857BC9 /* InterviewChallengeOneUITests.xctest */,
			);
			name = Products;
			sourceTree = "<group>";
		};
/* End PBXGroup section */

/* Begin PBXNativeTarget section */
		000AF07E2F4DF12B00857BC9 /* InterviewChallengeOne */ = {
			isa = PBXNativeTarget;
			buildConfigurationList = 000AF0A02F4DF12C00857BC9 /* Build configuration list for PBXNativeTarget "InterviewChallengeOne" */;
			buildPhases = (
				000AF07B2F4DF12B00857BC9 /* Sources */,
				000AF07C2F4DF12B00857BC9 /* Frameworks */,
				000AF07D2F4DF12B00857BC9 /* Resources */,
			);
			buildRules = (
			);
			dependencies = (
			);
			fileSystemSynchronizedGroups = (
				000AF0812F4DF12B00857BC9 /* InterviewChallengeOne */,
			);
			name = InterviewChallengeOne;
			packageProductDependencies = (
			);
			productName = InterviewChallengeOne;
			productReference = 000AF07F2F4DF12B00857BC9 /* InterviewChallengeOne.app */;
			productType = "com.apple.product-type.application";
		};
		000AF08B2F4DF12C00857BC9 /* InterviewChallengeOneTests */ = {
			isa = PBXNativeTarget;
			buildConfigurationList = 000AF0A32F4DF12C00857BC9 /* Build configuration list for PBXNativeTarget "InterviewChallengeOneTests" */;
			buildPhases = (
				000AF0882F4DF12C00857BC9 /* Sources */,
				000AF0892F4DF12C00857BC9 /* Frameworks */,
				000AF08A2F4DF12C00857BC9 /* Resources */,
			);
			buildRules = (
			);
			dependencies = (
				000AF08E2F4DF12C00857BC9 /* PBXTargetDependency */,
			);
			fileSystemSynchronizedGroups = (
				000AF08F2F4DF12C00857BC9 /* InterviewChallengeOneTests */,
			);
			name = InterviewChallengeOneTests;
			packageProductDependencies = (
			);
			productName = InterviewChallengeOneTests;
			productReference = 000AF08C2F4DF12C00857BC9 /* InterviewChallengeOneTests.xctest */;
			productType = "com.apple.product-type.bundle.unit-test";
		};
		000AF0952F4DF12C00857BC9 /* InterviewChallengeOneUITests */ = {
			isa = PBXNativeTarget;
			buildConfigurationList = 000AF0A62F4DF12C00857BC9 /* Build configuration list for PBXNativeTarget "InterviewChallengeOneUITests" */;
			buildPhases = (
				000AF0922F4DF12C00857BC9 /* Sources */,
				000AF0932F4DF12C00857BC9 /* Frameworks */,
				000AF0942F4DF12C00857BC9 /* Resources */,
			);
			buildRules = (
			);
			dependencies = (
				000AF0982F4DF12C00857BC9 /* PBXTargetDependency */,
			);
			fileSystemSynchronizedGroups = (
				000AF0992F4DF12C00857BC9 /* InterviewChallengeOneUITests */,
			);
			name = InterviewChallengeOneUITests;
			packageProductDependencies = (
			);
			productName = InterviewChallengeOneUITests;
			productReference = 000AF0962F4DF12C00857BC9 /* InterviewChallengeOneUITests.xctest */;
			productType = "com.apple.product-type.bundle.ui-testing";
		};
/* End PBXNativeTarget section */

/* Begin PBXProject section */
		000AF0772F4DF12B00857BC9 /* Project object */ = {
			isa = PBXProject;
			attributes = {
				BuildIndependentTargetsInParallel = 1;
				LastSwiftUpdateCheck = 2600;
				LastUpgradeCheck = 2600;
				TargetAttributes = {
					000AF07E2F4DF12B00857BC9 = {
						CreatedOnToolsVersion = 26.0.1;
					};
					000AF08B2F4DF12C00857BC9 = {
						CreatedOnToolsVersion = 26.0.1;
						TestTargetID = 000AF07E2F4DF12B00857BC9;
					};
					000AF0952F4DF12C00857BC9 = {
						CreatedOnToolsVersion = 26.0.1;
						TestTargetID = 000AF07E2F4DF12B00857BC9;
					};
				};
			};
			buildConfigurationList = 000AF07A2F4DF12B00857BC9 /* Build configuration list for PBXProject "InterviewChallengeOne" */;
			developmentRegion = en;
			hasScannedForEncodings = 0;
			knownRegions = (
				en,
				Base,
			);
			mainGroup = 000AF0762F4DF12B00857BC9;
			minimizedProjectReferenceProxies = 1;
			preferredProjectObjectVersion = 77;
			productRefGroup = 000AF0802F4DF12B00857BC9 /* Products */;
			projectDirPath = "";
			projectRoot = "";
			targets = (
				000AF07E2F4DF12B00857BC9 /* InterviewChallengeOne */,
				000AF08B2F4DF12C00857BC9 /* InterviewChallengeOneTests */,
				000AF0952F4DF12C00857BC9 /* InterviewChallengeOneUITests */,
			);
		};
/* End PBXProject section */

/* Begin PBXResourcesBuildPhase section */
		000AF07D2F4DF12B00857BC9 /* Resources */ = {
			isa = PBXResourcesBuildPhase;
			buildActionMask = 2147483647;
			files = (
			);
			runOnlyForDeploymentPostprocessing = 0;
		};
		000AF08A2F4DF12C00857BC9 /* Resources */ = {
			isa = PBXResourcesBuildPhase;
			buildActionMask = 2147483647;
			files = (
			);
			runOnlyForDeploymentPostprocessing = 0;
		};
		000AF0942F4DF12C00857BC9 /* Resources */ = {
			isa = PBXResourcesBuildPhase;
			buildActionMask = 2147483647;
			files = (
			);
			runOnlyForDeploymentPostprocessing = 0;
		};
/* End PBXResourcesBuildPhase section */

/* Begin PBXSourcesBuildPhase section */
		000AF07B2F4DF12B00857BC9 /* Sources */ = {
			isa = PBXSourcesBuildPhase;
			buildActionMask = 2147483647;
			files = (
			);
			runOnlyForDeploymentPostprocessing = 0;
		};
		000AF0882F4DF12C00857BC9 /* Sources */ = {
			isa = PBXSourcesBuildPhase;
			buildActionMask = 2147483647;
			files = (
			);
			runOnlyForDeploymentPostprocessing = 0;
		};
		000AF0922F4DF12C00857BC9 /* Sources */ = {
			isa = PBXSourcesBuildPhase;
			buildActionMask = 2147483647;
			files = (
			);
			runOnlyForDeploymentPostprocessing = 0;
		};
/* End PBXSourcesBuildPhase section */

/* Begin PBXTargetDependency section */
		000AF08E2F4DF12C00857BC9 /* PBXTargetDependency */ = {
			isa = PBXTargetDependency;
			target = 000AF07E2F4DF12B00857BC9 /* InterviewChallengeOne */;
			targetProxy = 000AF08D2F4DF12C00857BC9 /* PBXContainerItemProxy */;
		};
		000AF0982F4DF12C00857BC9 /* PBXTargetDependency */ = {
			isa = PBXTargetDependency;
			target = 000AF07E2F4DF12B00857BC9 /* InterviewChallengeOne */;
			targetProxy = 000AF0972F4DF12C00857BC9 /* PBXContainerItemProxy */;
		};
/* End PBXTargetDependency section */

/* Begin XCBuildConfiguration section */
		000AF09E2F4DF12C00857BC9 /* Debug */ = {
			isa = XCBuildConfiguration;
			buildSettings = {
				ALWAYS_SEARCH_USER_PATHS = NO;
				ASSETCATALOG_COMPILER_GENERATE_SWIFT_ASSET_SYMBOL_EXTENSIONS = YES;
				CLANG_ANALYZER_NONNULL = YES;
				CLANG_ANALYZER_NUMBER_OBJECT_CONVERSION = YES_AGGRESSIVE;
				CLANG_CXX_LANGUAGE_STANDARD = "gnu++20";
				CLANG_ENABLE_MODULES = YES;
				CLANG_ENABLE_OBJC_ARC = YES;
				CLANG_ENABLE_OBJC_WEAK = YES;
				CLANG_WARN_BLOCK_CAPTURE_AUTORELEASING = YES;
				CLANG_WARN_BOOL_CONVERSION = YES;
				CLANG_WARN_COMMA = YES;
				CLANG_WARN_CONSTANT_CONVERSION = YES;
				CLANG_WARN_DEPRECATED_OBJC_IMPLEMENTATIONS = YES;
				CLANG_WARN_DIRECT_OBJC_ISA_USAGE = YES_ERROR;
				CLANG_WARN_DOCUMENTATION_COMMENTS = YES;
				CLANG_WARN_EMPTY_BODY = YES;
				CLANG_WARN_ENUM_CONVERSION = YES;
				CLANG_WARN_INFINITE_RECURSION = YES;
				CLANG_WARN_INT_CONVERSION = YES;
				CLANG_WARN_NON_LITERAL_NULL_CONVERSION = YES;
				CLANG_WARN_OBJC_IMPLICIT_RETAIN_SELF = YES;
				CLANG_WARN_OBJC_LITERAL_CONVERSION = YES;
				CLANG_WARN_OBJC_ROOT_CLASS = YES_ERROR;
				CLANG_WARN_QUOTED_INCLUDE_IN_FRAMEWORK_HEADER = YES;
				CLANG_WARN_RANGE_LOOP_ANALYSIS = YES;
				CLANG_WARN_STRICT_PROTOTYPES = YES;
				CLANG_WARN_SUSPICIOUS_MOVE = YES;
				CLANG_WARN_UNGUARDED_AVAILABILITY = YES_AGGRESSIVE;
				CLANG_WARN_UNREACHABLE_CODE = YES;
				CLANG_WARN__DUPLICATE_METHOD_MATCH = YES;
				COPY_PHASE_STRIP = NO;
				DEBUG_INFORMATION_FORMAT = dwarf;
				ENABLE_STRICT_OBJC_MSGSEND = YES;
				ENABLE_TESTABILITY = YES;
				ENABLE_USER_SCRIPT_SANDBOXING = YES;
				GCC_C_LANGUAGE_STANDARD = gnu17;
				GCC_DYNAMIC_NO_PIC = NO;
				GCC_NO_COMMON_BLOCKS = YES;
				GCC_OPTIMIZATION_LEVEL = 0;
				GCC_PREPROCESSOR_DEFINITIONS = (
					"DEBUG=1",
					"$(inherited)",
				);
				GCC_WARN_64_TO_32_BIT_CONVERSION = YES;
				GCC_WARN_ABOUT_RETURN_TYPE = YES_ERROR;
				GCC_WARN_UNDECLARED_SELECTOR = YES;
				GCC_WARN_UNINITIALIZED_AUTOS = YES_AGGRESSIVE;
				GCC_WARN_UNUSED_FUNCTION = YES;
				GCC_WARN_UNUSED_VARIABLE = YES;
				IPHONEOS_DEPLOYMENT_TARGET = 26.0;
				LOCALIZATION_PREFERS_STRING_CATALOGS = YES;
				MTL_ENABLE_DEBUG_INFO = INCLUDE_SOURCE;
				MTL_FAST_MATH = YES;
				ONLY_ACTIVE_ARCH = YES;
				SDKROOT = iphoneos;
				SWIFT_ACTIVE_COMPILATION_CONDITIONS = "DEBUG $(inherited)";
				SWIFT_OPTIMIZATION_LEVEL = "-Onone";
			};
			name = Debug;
		};
		000AF09F2F4DF12C00857BC9 /* Release */ = {
			isa = XCBuildConfiguration;
			buildSettings = {
				ALWAYS_SEARCH_USER_PATHS = NO;
				ASSETCATALOG_COMPILER_GENERATE_SWIFT_ASSET_SYMBOL_EXTENSIONS = YES;
				CLANG_ANALYZER_NONNULL = YES;
				CLANG_ANALYZER_NUMBER_OBJECT_CONVERSION = YES_AGGRESSIVE;
				CLANG_CXX_LANGUAGE_STANDARD = "gnu++20";
				CLANG_ENABLE_MODULES = YES;
				CLANG_ENABLE_OBJC_ARC = YES;
				CLANG_ENABLE_OBJC_WEAK = YES;
				CLANG_WARN_BLOCK_CAPTURE_AUTORELEASING = YES;
				CLANG_WARN_BOOL_CONVERSION = YES;
				CLANG_WARN_COMMA = YES;
				CLANG_WARN_CONSTANT_CONVERSION = YES;
				CLANG_WARN_DEPRECATED_OBJC_IMPLEMENTATIONS = YES;
				CLANG_WARN_DIRECT_OBJC_ISA_USAGE = YES_ERROR;
				CLANG_WARN_DOCUMENTATION_COMMENTS = YES;
				CLANG_WARN_EMPTY_BODY = YES;
				CLANG_WARN_ENUM_CONVERSION = YES;
				CLANG_WARN_INFINITE_RECURSION = YES;
				CLANG_WARN_INT_CONVERSION = YES;
				CLANG_WARN_NON_LITERAL_NULL_CONVERSION = YES;
				CLANG_WARN_OBJC_IMPLICIT_RETAIN_SELF = YES;
				CLANG_WARN_OBJC_LITERAL_CONVERSION = YES;
				CLANG_WARN_OBJC_ROOT_CLASS = YES_ERROR;
				CLANG_WARN_QUOTED_INCLUDE_IN_FRAMEWORK_HEADER = YES;
				CLANG_WARN_RANGE_LOOP_ANALYSIS = YES;
				CLANG_WARN_STRICT_PROTOTYPES = YES;
				CLANG_WARN_SUSPICIOUS_MOVE = YES;
				CLANG_WARN_UNGUARDED_AVAILABILITY = YES_AGGRESSIVE;
				CLANG_WARN_UNREACHABLE_CODE = YES;
				CLANG_WARN__DUPLICATE_METHOD_MATCH = YES;
				COPY_PHASE_STRIP = NO;
				DEBUG_INFORMATION_FORMAT = "dwarf-with-dsym";
				ENABLE_NS_ASSERTIONS = NO;
				ENABLE_STRICT_OBJC_MSGSEND = YES;
				ENABLE_USER_SCRIPT_SANDBOXING = YES;
				GCC_C_LANGUAGE_STANDARD = gnu17;
				GCC_NO_COMMON_BLOCKS = YES;
				GCC_WARN_64_TO_32_BIT_CONVERSION = YES;
				GCC_WARN_ABOUT_RETURN_TYPE = YES_ERROR;
				GCC_WARN_UNDECLARED_SELECTOR = YES;
				GCC_WARN_UNINITIALIZED_AUTOS = YES_AGGRESSIVE;
				GCC_WARN_UNUSED_FUNCTION = YES;
				GCC_WARN_UNUSED_VARIABLE = YES;
				IPHONEOS_DEPLOYMENT_TARGET = 26.0;
				LOCALIZATION_PREFERS_STRING_CATALOGS = YES;
				MTL_ENABLE_DEBUG_INFO = NO;
				MTL_FAST_MATH = YES;
				SDKROOT = iphoneos;
				SWIFT_COMPILATION_MODE = wholemodule;
				VALIDATE_PRODUCT = YES;
			};
			name = Release;
		};
		000AF0A12F4DF12C00857BC9 /* Debug */ = {
			isa = XCBuildConfiguration;
			buildSettings = {
				ASSETCATALOG_COMPILER_APPICON_NAME = AppIcon;
				ASSETCATALOG_COMPILER_GLOBAL_ACCENT_COLOR_NAME = AccentColor;
				CODE_SIGN_STYLE = Automatic;
				CURRENT_PROJECT_VERSION = 1;
				ENABLE_PREVIEWS = YES;
				GENERATE_INFOPLIST_FILE = YES;
				INFOPLIST_KEY_UIApplicationSceneManifest_Generation = YES;
				INFOPLIST_KEY_UIApplicationSupportsIndirectInputEvents = YES;
				INFOPLIST_KEY_UILaunchScreen_Generation = YES;
				INFOPLIST_KEY_UISupportedInterfaceOrientations_iPad = "UIInterfaceOrientationPortrait UIInterfaceOrientationPortraitUpsideDown UIInterfaceOrientationLandscapeLeft UIInterfaceOrientationLandscapeRight";
				INFOPLIST_KEY_UISupportedInterfaceOrientations_iPhone = "UIInterfaceOrientationPortrait UIInterfaceOrientationLandscapeLeft UIInterfaceOrientationLandscapeRight";
				LD_RUNPATH_SEARCH_PATHS = (
					"$(inherited)",
					"@executable_path/Frameworks",
				);
				MARKETING_VERSION = 1.0;
				PRODUCT_BUNDLE_IDENTIFIER = mtest.InterviewChallengeOne;
				PRODUCT_NAME = "$(TARGET_NAME)";
				STRING_CATALOG_GENERATE_SYMBOLS = YES;
				SWIFT_APPROACHABLE_CONCURRENCY = YES;
				SWIFT_DEFAULT_ACTOR_ISOLATION = MainActor;
				SWIFT_EMIT_LOC_STRINGS = YES;
				SWIFT_UPCOMING_FEATURE_MEMBER_IMPORT_VISIBILITY = YES;
				SWIFT_VERSION = 5.0;
				TARGETED_DEVICE_FAMILY = "1,2";
			};
			name = Debug;
		};
		000AF0A22F4DF12C00857BC9 /* Release */ = {
			isa = XCBuildConfiguration;
			buildSettings = {
				ASSETCATALOG_COMPILER_APPICON_NAME = AppIcon;
				ASSETCATALOG_COMPILER_GLOBAL_ACCENT_COLOR_NAME = AccentColor;
				CODE_SIGN_STYLE = Automatic;
				CURRENT_PROJECT_VERSION = 1;
				ENABLE_PREVIEWS = YES;
				GENERATE_INFOPLIST_FILE = YES;
				INFOPLIST_KEY_UIApplicationSceneManifest_Generation = YES;
				INFOPLIST_KEY_UIApplicationSupportsIndirectInputEvents = YES;
				INFOPLIST_KEY_UILaunchScreen_Generation = YES;
				INFOPLIST_KEY_UISupportedInterfaceOrientations_iPad = "UIInterfaceOrientationPortrait UIInterfaceOrientationPortraitUpsideDown UIInterfaceOrientationLandscapeLeft UIInterfaceOrientationLandscapeRight";
				INFOPLIST_KEY_UISupportedInterfaceOrientations_iPhone = "UIInterfaceOrientationPortrait UIInterfaceOrientationLandscapeLeft UIInterfaceOrientationLandscapeRight";
				LD_RUNPATH_SEARCH_PATHS = (
					"$(inherited)",
					"@executable_path/Frameworks",
				);
				MARKETING_VERSION = 1.0;
				PRODUCT_BUNDLE_IDENTIFIER = mtest.InterviewChallengeOne;
				PRODUCT_NAME = "$(TARGET_NAME)";
				STRING_CATALOG_GENERATE_SYMBOLS = YES;
				SWIFT_APPROACHABLE_CONCURRENCY = YES;
				SWIFT_DEFAULT_ACTOR_ISOLATION = MainActor;
				SWIFT_EMIT_LOC_STRINGS = YES;
				SWIFT_UPCOMING_FEATURE_MEMBER_IMPORT_VISIBILITY = YES;
				SWIFT_VERSION = 5.0;
				TARGETED_DEVICE_FAMILY = "1,2";
			};
			name = Release;
		};
		000AF0A42F4DF12C00857BC9 /* Debug */ = {
			isa = XCBuildConfiguration;
			buildSettings = {
				BUNDLE_LOADER = "$(TEST_HOST)";
				CODE_SIGN_STYLE = Automatic;
				CURRENT_PROJECT_VERSION = 1;
				GENERATE_INFOPLIST_FILE = YES;
				IPHONEOS_DEPLOYMENT_TARGET = 26.0;
				MARKETING_VERSION = 1.0;
				PRODUCT_BUNDLE_IDENTIFIER = mtest.InterviewChallengeOneTests;
				PRODUCT_NAME = "$(TARGET_NAME)";
				STRING_CATALOG_GENERATE_SYMBOLS = NO;
				SWIFT_APPROACHABLE_CONCURRENCY = YES;
				SWIFT_EMIT_LOC_STRINGS = NO;
				SWIFT_UPCOMING_FEATURE_MEMBER_IMPORT_VISIBILITY = YES;
				SWIFT_VERSION = 5.0;
				TARGETED_DEVICE_FAMILY = "1,2";
				TEST_HOST = "$(BUILT_PRODUCTS_DIR)/InterviewChallengeOne.app/$(BUNDLE_EXECUTABLE_FOLDER_PATH)/InterviewChallengeOne";
			};
			name = Debug;
		};
		000AF0A52F4DF12C00857BC9 /* Release */ = {
			isa = XCBuildConfiguration;
			buildSettings = {
				BUNDLE_LOADER = "$(TEST_HOST)";
				CODE_SIGN_STYLE = Automatic;
				CURRENT_PROJECT_VERSION = 1;
				GENERATE_INFOPLIST_FILE = YES;
				IPHONEOS_DEPLOYMENT_TARGET = 26.0;
				MARKETING_VERSION = 1.0;
				PRODUCT_BUNDLE_IDENTIFIER = mtest.InterviewChallengeOneTests;
				PRODUCT_NAME = "$(TARGET_NAME)";
				STRING_CATALOG_GENERATE_SYMBOLS = NO;
				SWIFT_APPROACHABLE_CONCURRENCY = YES;
				SWIFT_EMIT_LOC_STRINGS = NO;
				SWIFT_UPCOMING_FEATURE_MEMBER_IMPORT_VISIBILITY = YES;
				SWIFT_VERSION = 5.0;
				TARGETED_DEVICE_FAMILY = "1,2";
				TEST_HOST = "$(BUILT_PRODUCTS_DIR)/InterviewChallengeOne.app/$(BUNDLE_EXECUTABLE_FOLDER_PATH)/InterviewChallengeOne";
			};
			name = Release;
		};
		000AF0A72F4DF12C00857BC9 /* Debug */ = {
			isa = XCBuildConfiguration;
			buildSettings = {
				CODE_SIGN_STYLE = Automatic;
				CURRENT_PROJECT_VERSION = 1;
				GENERATE_INFOPLIST_FILE = YES;
				MARKETING_VERSION = 1.0;
				PRODUCT_BUNDLE_IDENTIFIER = mtest.InterviewChallengeOneUITests;
				PRODUCT_NAME = "$(TARGET_NAME)";
				STRING_CATALOG_GENERATE_SYMBOLS = NO;
				SWIFT_APPROACHABLE_CONCURRENCY = YES;
				SWIFT_EMIT_LOC_STRINGS = NO;
				SWIFT_UPCOMING_FEATURE_MEMBER_IMPORT_VISIBILITY = YES;
				SWIFT_VERSION = 5.0;
				TARGETED_DEVICE_FAMILY = "1,2";
				TEST_TARGET_NAME = InterviewChallengeOne;
			};
			name = Debug;
		};
		000AF0A82F4DF12C00857BC9 /* Release */ = {
			isa = XCBuildConfiguration;
			buildSettings = {
				CODE_SIGN_STYLE = Automatic;
				CURRENT_PROJECT_VERSION = 1;
				GENERATE_INFOPLIST_FILE = YES;
				MARKETING_VERSION = 1.0;
				PRODUCT_BUNDLE_IDENTIFIER = mtest.InterviewChallengeOneUITests;
				PRODUCT_NAME = "$(TARGET_NAME)";
				STRING_CATALOG_GENERATE_SYMBOLS = NO;
				SWIFT_APPROACHABLE_CONCURRENCY = YES;
				SWIFT_EMIT_LOC_STRINGS = NO;
				SWIFT_UPCOMING_FEATURE_MEMBER_IMPORT_VISIBILITY = YES;
				SWIFT_VERSION = 5.0;
				TARGETED_DEVICE_FAMILY = "1,2";
				TEST_TARGET_NAME = InterviewChallengeOne;
			};
			name = Release;
		};
/* End XCBuildConfiguration section */

/* Begin XCConfigurationList section */
		000AF07A2F4DF12B00857BC9 /* Build configuration list for PBXProject "InterviewChallengeOne" */ = {
			isa = XCConfigurationList;
			buildConfigurations = (
				000AF09E2F4DF12C00857BC9 /* Debug */,
				000AF09F2F4DF12C00857BC9 /* Release */,
			);
			defaultConfigurationIsVisible = 0;
			defaultConfigurationName = Release;
		};
		000AF0A02F4DF12C00857BC9 /* Build configuration list for PBXNativeTarget "InterviewChallengeOne" */ = {
			isa = XCConfigurationList;
			buildConfigurations = (
				000AF0A12F4DF12C00857BC9 /* Debug */,
				000AF0A22F4DF12C00857BC9 /* Release */,
			);
			defaultConfigurationIsVisible = 0;
			defaultConfigurationName = Release;
		};
		000AF0A32F4DF12C00857BC9 /* Build configuration list for PBXNativeTarget "InterviewChallengeOneTests" */ = {
			isa = XCConfigurationList;
			buildConfigurations = (
				000AF0A42F4DF12C00857BC9 /* Debug */,
				000AF0A52F4DF12C00857BC9 /* Release */,
			);
			defaultConfigurationIsVisible = 0;
			defaultConfigurationName = Release;
		};
		000AF0A62F4DF12C00857BC9 /* Build configuration list for PBXNativeTarget "InterviewChallengeOneUITests" */ = {
			isa = XCConfigurationList;
			buildConfigurations = (
				000AF0A72F4DF12C00857BC9 /* Debug */,
				000AF0A82F4DF12C00857BC9 /* Release */,
			);
			defaultConfigurationIsVisible = 0;
			defaultConfigurationName = Release;
		};
/* End XCConfigurationList section */
	};
	rootObject = 000AF0772F4DF12B00857BC9 /* Project object */;
}
